
Microsoft Visual Studio Solution File, Format Version 12.00
# Visual Studio Version 17
VisualStudioVersion = 17.1.32328.378
MinimumVisualStudioVersion = 10.0.40219.1
Project("{FAE04EC0-301F-11D3-BF4B-00C04F79EFBC}") = "CSLB5", "CSLB5\CSLB5.csproj", "{E706D0F7-E337-421E-BCDA-D7A5F4E0D99F}"
EndProject
Project("{9A19103F-16F7-4668-BE54-9A1E7A4F7556}") = "MVVM", "MVVM\MVVM.csproj", "{516D52A1-12E0-43E0-B199-E75A0D2A4949}"
EndProject
Global
	GlobalSection(SolutionConfigurationPlatforms) = preSolution
		Debug|Any CPU = Debug|Any CPU
		Release|Any CPU = Release|Any CPU
	EndGlobalSection
	GlobalSection(ProjectConfigurationPlatforms) = postSolution
		{E706D0F7-E337-421E-BCDA-D7A5F4E0D99F}.Debug|Any CPU.ActiveCfg = Debug|Any CPU
		{E706D0F7-E337-421E-BCDA-D7A5F4E0D99F}.Debug|Any CPU.Build.0 = Debug|Any CPU
		{E706D0F7-E337-421E-BCDA-D7A5F4E0D99F}.Release|Any CPU.ActiveCfg = Release|Any CPU
		{E706D0F7-E337-421E-BCDA-D7A5F4E0D99F}.Release|Any CPU.Build.0 = Release|Any CPU
		{516D52A1-12E0-43E0-B199-E75A0D2A4949}.Debug|Any CPU.ActiveCfg = Debug|Any CPU
		{516D52A1-12E0-43E0-B199-E75A0D2A4949}.Debug|Any CPU.Build.0 = Debug|Any CPU
		{516D52A1-12E0-43E0-B199-E75A0D2A4949}.Release|Any CPU.ActiveCfg = Release|Any CPU
		{516D52A1-12E0-43E0-B199-E75A0D2A4949}.Release|Any CPU.Build.0 = Release|Any CPU
	EndGlobalSection
	GlobalSection(SolutionProperties) = preSolution
		HideSolutionNode = FALSE
	EndGlobalSection
	GlobalSection(ExtensibilityGlobals) = postSolution
		SolutionGuid = {189BC2EC-F370-4E35-B53B-6927C460D24E}
	EndGlobalSection
EndGlobal
